
Microsoft Visual Studio Solution File, Format Version 12.00
# Visual Studio 15
VisualStudioVersion = 15.0.27130.2003
MinimumVisualStudioVersion = 10.0.40219.1
Project("{FAE04EC0-301F-11D3-BF4B-00C04F79EFBC}") = "RubiusTest", "RubiusTest\RubiusTest.csproj", "{679B2538-10C0-433C-BB03-BAC0ED641B07}"
EndProject
Global
	GlobalSection(SolutionConfigurationPlatforms) = preSolution
		Debug|Any CPU = Debug|Any CPU
		Release|Any CPU = Release|Any CPU
	EndGlobalSection
	GlobalSection(ProjectConfigurationPlatforms) = postSolution
		{679B2538-10C0-433C-BB03-BAC0ED641B07}.Debug|Any CPU.ActiveCfg = Debug|Any CPU
		{679B2538-10C0-433C-BB03-BAC0ED641B07}.Debug|Any CPU.Build.0 = Debug|Any CPU
		{679B2538-10C0-433C-BB03-BAC0ED641B07}.Release|Any CPU.ActiveCfg = Release|Any CPU
		{679B2538-10C0-433C-BB03-BAC0ED641B07}.Release|Any CPU.Build.0 = Release|Any CPU
	EndGlobalSection
	GlobalSection(SolutionProperties) = preSolution
		HideSolutionNode = FALSE
	EndGlobalSection
	GlobalSection(ExtensibilityGlobals) = postSolution
		SolutionGuid = {988C7BD3-4636-41A3-80B2-68C4CF1B762E}
	EndGlobalSection
EndGlobal
